# This file is autogenerated, do not edit; changes may be undone by the next 'dep ensure'.


[[projects]]
  branch = "master"
  name = "github.com/0xAX/notificator"
  packages = ["."]
  revision = "88d57ee9043ba88d6a62e437fa15dda1ca0d2b59"

[[projects]]
  branch = "master"
  name = "github.com/codegangsta/envy"
  packages = ["lib"]
  revision = "4b78388c8ce4fa412440ca4eaa654e2fdd752e49"

[[projects]]
  branch = "master"
  name = "github.com/codegangsta/gin"
  packages = ["lib"]
  revision = "cafe2ce98974a3dcca6b92ce393a91a0b58b8133"

[[projects]]
  name = "github.com/fsnotify/fsnotify"
  packages = ["."]
  revision = "c2828203cd70a50dcccfb2761f8b1f8ceef9a8e9"
  version = "v1.4.7"

[[projects]]
  name = "github.com/mattn/go-shellwords"
  packages = ["."]
  revision = "02e3cf038dcea8290e44424da473dd12be796a8a"
  version = "v1.0.3"

[[projects]]
  branch = "master"
  name = "golang.org/x/sys"
  packages = ["unix"]
  revision = "9527bec2660bd847c050fda93a0f0c6dee0800bb"

[[projects]]
  name = "gopkg.in/urfave/cli.v1"
  packages = ["."]
  revision = "cfb38830724cc34fedffe9a2a29fb54fa9169cd1"
  version = "v1.20.0"

[solve-meta]
  analyzer-name = "dep"
  analyzer-version = 1
  inputs-digest = "f4eb1ac088bd4e9974dcf0fe8a19136b5d14341a52de6ba26ef9de15d2b1b71f"
  solver-name = "gps-cdcl"
  solver-version = 1
